
Microsoft Visual Studio Solution File, Format Version 12.00
# Visual Studio Express 2012 for Web
Project("{FAE04EC0-301F-11D3-BF4B-00C04F79EFBC}") = "AmazingTodo", "AmazingTodo\AmazingTodo.csproj", "{38D5E084-0E52-4288-98E7-4E6C9103249D}"
EndProject
Project("{FAE04EC0-301F-11D3-BF4B-00C04F79EFBC}") = "AmazingTodo.Tests", "AmazingTodo.Tests\AmazingTodo.Tests.csproj", "{A456698B-E665-4415-AC9D-A81AF3D33F10}"
EndProject
Global
	GlobalSection(SolutionConfigurationPlatforms) = preSolution
		Debug|Any CPU = Debug|Any CPU
		Release|Any CPU = Release|Any CPU
	EndGlobalSection
	GlobalSection(ProjectConfigurationPlatforms) = postSolution
		{38D5E084-0E52-4288-98E7-4E6C9103249D}.Debug|Any CPU.ActiveCfg = Debug|Any CPU
		{38D5E084-0E52-4288-98E7-4E6C9103249D}.Debug|Any CPU.Build.0 = Debug|Any CPU
		{38D5E084-0E52-4288-98E7-4E6C9103249D}.Release|Any CPU.ActiveCfg = Release|Any CPU
		{38D5E084-0E52-4288-98E7-4E6C9103249D}.Release|Any CPU.Build.0 = Release|Any CPU
		{A456698B-E665-4415-AC9D-A81AF3D33F10}.Debug|Any CPU.ActiveCfg = Debug|Any CPU
		{A456698B-E665-4415-AC9D-A81AF3D33F10}.Debug|Any CPU.Build.0 = Debug|Any CPU
		{A456698B-E665-4415-AC9D-A81AF3D33F10}.Release|Any CPU.ActiveCfg = Release|Any CPU
		{A456698B-E665-4415-AC9D-A81AF3D33F10}.Release|Any CPU.Build.0 = Release|Any CPU
	EndGlobalSection
	GlobalSection(SolutionProperties) = preSolution
		HideSolutionNode = FALSE
	EndGlobalSection
EndGlobal
